
Microsoft Visual Studio Solution File, Format Version 12.00
# Visual Studio Version 17
VisualStudioVersion = 17.3.32901.215
MinimumVisualStudioVersion = 10.0.40219.1
Project("{FAE04EC0-301F-11D3-BF4B-00C04F79EFBC}") = "canli uygulamasi-777", "canli uygulamasi-777\canli uygulamasi-777.csproj", "{43DD7B1C-4A85-4A38-9C7D-6F19550F187C}"
EndProject
Global
	GlobalSection(SolutionConfigurationPlatforms) = preSolution
		Debug|Any CPU = Debug|Any CPU
		Release|Any CPU = Release|Any CPU
	EndGlobalSection
	GlobalSection(ProjectConfigurationPlatforms) = postSolution
		{43DD7B1C-4A85-4A38-9C7D-6F19550F187C}.Debug|Any CPU.ActiveCfg = Debug|Any CPU
		{43DD7B1C-4A85-4A38-9C7D-6F19550F187C}.Debug|Any CPU.Build.0 = Debug|Any CPU
		{43DD7B1C-4A85-4A38-9C7D-6F19550F187C}.Release|Any CPU.ActiveCfg = Release|Any CPU
		{43DD7B1C-4A85-4A38-9C7D-6F19550F187C}.Release|Any CPU.Build.0 = Release|Any CPU
	EndGlobalSection
	GlobalSection(SolutionProperties) = preSolution
		HideSolutionNode = FALSE
	EndGlobalSection
	GlobalSection(ExtensibilityGlobals) = postSolution
		SolutionGuid = {A174933D-360B-4DF8-B601-1457911A9EF9}
	EndGlobalSection
EndGlobal
